
Microsoft Visual Studio Solution File, Format Version 12.00
# Visual Studio Version 16
VisualStudioVersion = 16.0.29306.81
MinimumVisualStudioVersion = 10.0.40219.1
Project("{FAE04EC0-301F-11D3-BF4B-00C04F79EFBC}") = "TurnirAsistentModel", "TurnirAsistentModel\TurnirAsistentModel.csproj", "{56DA2B20-05AE-4EFA-830C-A5072A5E1BF0}"
EndProject
Global
	GlobalSection(SolutionConfigurationPlatforms) = preSolution
		Debug|Any CPU = Debug|Any CPU
		Release|Any CPU = Release|Any CPU
	EndGlobalSection
	GlobalSection(ProjectConfigurationPlatforms) = postSolution
		{56DA2B20-05AE-4EFA-830C-A5072A5E1BF0}.Debug|Any CPU.ActiveCfg = Debug|Any CPU
		{56DA2B20-05AE-4EFA-830C-A5072A5E1BF0}.Debug|Any CPU.Build.0 = Debug|Any CPU
		{56DA2B20-05AE-4EFA-830C-A5072A5E1BF0}.Release|Any CPU.ActiveCfg = Release|Any CPU
		{56DA2B20-05AE-4EFA-830C-A5072A5E1BF0}.Release|Any CPU.Build.0 = Release|Any CPU
	EndGlobalSection
	GlobalSection(SolutionProperties) = preSolution
		HideSolutionNode = FALSE
	EndGlobalSection
	GlobalSection(ExtensibilityGlobals) = postSolution
		SolutionGuid = {D5374E23-15EC-46C5-896B-BED559163881}
	EndGlobalSection
EndGlobal
